
Microsoft Visual Studio Solution File, Format Version 12.00
# Visual Studio 14
VisualStudioVersion = 14.0.24720.0
MinimumVisualStudioVersion = 10.0.40219.1
Project("{00D1A9C2-B5F0-4AF3-8072-F6C62B433612}") = "Flat4Me.Database", "Flat4Me.Database\Flat4Me.Database.sqlproj", "{18A8EB49-1A96-4F90-9D91-9502C6FAFA23}"
EndProject
Project("{2150E333-8FDC-42A3-9474-1A3956D46DE8}") = "PublishScripts", "PublishScripts", "{1A74A118-C93F-427D-8210-AA81F4463D69}"
	ProjectSection(SolutionItems) = preProject
		PublishScripts\AzureWebsitePublishModule.psm1 = PublishScripts\AzureWebsitePublishModule.psm1
		PublishScripts\Publish-WebApplicationWebsite.ps1 = PublishScripts\Publish-WebApplicationWebsite.ps1
	EndProjectSection
EndProject
Project("{2150E333-8FDC-42A3-9474-1A3956D46DE8}") = "Configurations", "Configurations", "{62964F55-BCD0-4649-ABB5-058072684AA5}"
	ProjectSection(SolutionItems) = preProject
		PublishScripts\Configurations\Flat4MeWeb-WAWS-dev.json = PublishScripts\Configurations\Flat4MeWeb-WAWS-dev.json
		PublishScripts\Configurations\Flat4MeWebBoss-WAWS-dev.json = PublishScripts\Configurations\Flat4MeWebBoss-WAWS-dev.json
	EndProjectSection
EndProject
Project("{FAE04EC0-301F-11D3-BF4B-00C04F79EFBC}") = "Flat4Me.Tests", "Flat4Me.Tests\Flat4Me.Tests.csproj", "{A7FF6C9D-E6DF-4E57-AB4C-DB6130F94F36}"
EndProject
Global
	GlobalSection(SolutionConfigurationPlatforms) = preSolution
		Debug|Any CPU = Debug|Any CPU
		Release|Any CPU = Release|Any CPU
	EndGlobalSection
	GlobalSection(ProjectConfigurationPlatforms) = postSolution
		{18A8EB49-1A96-4F90-9D91-9502C6FAFA23}.Debug|Any CPU.ActiveCfg = Debug|Any CPU
		{18A8EB49-1A96-4F90-9D91-9502C6FAFA23}.Debug|Any CPU.Build.0 = Debug|Any CPU
		{18A8EB49-1A96-4F90-9D91-9502C6FAFA23}.Debug|Any CPU.Deploy.0 = Debug|Any CPU
		{18A8EB49-1A96-4F90-9D91-9502C6FAFA23}.Release|Any CPU.ActiveCfg = Release|Any CPU
		{18A8EB49-1A96-4F90-9D91-9502C6FAFA23}.Release|Any CPU.Build.0 = Release|Any CPU
		{18A8EB49-1A96-4F90-9D91-9502C6FAFA23}.Release|Any CPU.Deploy.0 = Release|Any CPU
		{A7FF6C9D-E6DF-4E57-AB4C-DB6130F94F36}.Debug|Any CPU.ActiveCfg = Debug|Any CPU
		{A7FF6C9D-E6DF-4E57-AB4C-DB6130F94F36}.Debug|Any CPU.Build.0 = Debug|Any CPU
		{A7FF6C9D-E6DF-4E57-AB4C-DB6130F94F36}.Release|Any CPU.ActiveCfg = Release|Any CPU
		{A7FF6C9D-E6DF-4E57-AB4C-DB6130F94F36}.Release|Any CPU.Build.0 = Release|Any CPU
	EndGlobalSection
	GlobalSection(SolutionProperties) = preSolution
		HideSolutionNode = FALSE
	EndGlobalSection
	GlobalSection(NestedProjects) = preSolution
		{62964F55-BCD0-4649-ABB5-058072684AA5} = {1A74A118-C93F-427D-8210-AA81F4463D69}
	EndGlobalSection
EndGlobal
