
Microsoft Visual Studio Solution File, Format Version 12.00
# Visual Studio 2013
VisualStudioVersion = 12.0.31101.0
MinimumVisualStudioVersion = 10.0.40219.1
Project("{FAE04EC0-301F-11D3-BF4B-00C04F79EFBC}") = "Flat4Me.ImageService", "Services\Flat4Me.ImageService\Flat4Me.ImageService.csproj", "{371EFFA8-DA2C-4B86-8F0E-C9F91F83A1C4}"
EndProject
Project("{2150E333-8FDC-42A3-9474-1A3956D46DE8}") = "Services", "Services", "{99A87196-7873-4579-843D-2D90756D96DD}"
EndProject
Project("{FAE04EC0-301F-11D3-BF4B-00C04F79EFBC}") = "Flat4Me.ImageServiceCore", "Services\Flat4Me.ImageServiceCore\Flat4Me.ImageServiceCore.csproj", "{DBF19F85-5D77-4482-9D34-CC17A36D8945}"
EndProject
Project("{CC5FD16D-436D-48AD-A40C-5A424C6E3E79}") = "Flat4Me.ImageCloudService.FlatPhoto", "Services\Flat4Me.ImageCloudService\Flat4Me.ImageCloudService.FlatPhoto.ccproj", "{F77E901C-536A-4803-AB82-FBA1DDFEDDCE}"
EndProject
Project("{FAE04EC0-301F-11D3-BF4B-00C04F79EFBC}") = "Flat4Me.ImageWorkerRole.FlatPhoto", "Services\Flat4Me.ImageWorkerRole\Flat4Me.ImageWorkerRole.FlatPhoto.csproj", "{1ED29D7D-F034-4D41-9AAA-148D5CDD1629}"
EndProject
Project("{FAE04EC0-301F-11D3-BF4B-00C04F79EFBC}") = "Flat4Me.MailServiceCore", "Services\Flat4Me.MailServiceCore\Flat4Me.MailServiceCore.csproj", "{C082260C-11C4-4D35-900D-3B8502CE016E}"
EndProject
Project("{CC5FD16D-436D-48AD-A40C-5A424C6E3E79}") = "Flat4Me.MailCloudService", "Services\Flat4Me.MailCloudService\Flat4Me.MailCloudService.ccproj", "{AD4CD8C2-71BB-4901-A570-65CA8B599E4C}"
EndProject
Project("{FAE04EC0-301F-11D3-BF4B-00C04F79EFBC}") = "Flat4Me.MailWorkerRole", "Services\Flat4Me.MailWorkerRole\Flat4Me.MailWorkerRole.csproj", "{77322559-F5D5-431D-BA2C-19E4E60E4E9D}"
EndProject
Project("{FAE04EC0-301F-11D3-BF4B-00C04F79EFBC}") = "Flat4Me.TestServices", "Flat4Me.TestServices\Flat4Me.TestServices.csproj", "{EBE58CC5-33D5-449F-B491-C5D53212AF90}"
EndProject
Project("{CC5FD16D-436D-48AD-A40C-5A424C6E3E79}") = "Flat4Me.ImageCloudService.UserPhoto", "Services\Flat4Me.ImageCloudService.UserPhoto\Flat4Me.ImageCloudService.UserPhoto.ccproj", "{A8F56734-BDCD-494D-8E4A-DA3238DB536D}"
EndProject
Project("{FAE04EC0-301F-11D3-BF4B-00C04F79EFBC}") = "Flat4Me.ImageWorkerRole.UserPhoto", "Services\Flat4Me.ImageWorkerRole.UserPhoto\Flat4Me.ImageWorkerRole.UserPhoto.csproj", "{ED5EB55A-73F0-48F1-8E0A-AAE30FF1CC2D}"
EndProject
Global
	GlobalSection(SolutionConfigurationPlatforms) = preSolution
		Debug|Any CPU = Debug|Any CPU
		Release|Any CPU = Release|Any CPU
	EndGlobalSection
	GlobalSection(ProjectConfigurationPlatforms) = postSolution
		{371EFFA8-DA2C-4B86-8F0E-C9F91F83A1C4}.Debug|Any CPU.ActiveCfg = Debug|Any CPU
		{371EFFA8-DA2C-4B86-8F0E-C9F91F83A1C4}.Debug|Any CPU.Build.0 = Debug|Any CPU
		{371EFFA8-DA2C-4B86-8F0E-C9F91F83A1C4}.Release|Any CPU.ActiveCfg = Release|Any CPU
		{371EFFA8-DA2C-4B86-8F0E-C9F91F83A1C4}.Release|Any CPU.Build.0 = Release|Any CPU
		{DBF19F85-5D77-4482-9D34-CC17A36D8945}.Debug|Any CPU.ActiveCfg = Debug|Any CPU
		{DBF19F85-5D77-4482-9D34-CC17A36D8945}.Debug|Any CPU.Build.0 = Debug|Any CPU
		{DBF19F85-5D77-4482-9D34-CC17A36D8945}.Release|Any CPU.ActiveCfg = Release|Any CPU
		{DBF19F85-5D77-4482-9D34-CC17A36D8945}.Release|Any CPU.Build.0 = Release|Any CPU
		{F77E901C-536A-4803-AB82-FBA1DDFEDDCE}.Debug|Any CPU.ActiveCfg = Debug|Any CPU
		{F77E901C-536A-4803-AB82-FBA1DDFEDDCE}.Debug|Any CPU.Build.0 = Debug|Any CPU
		{F77E901C-536A-4803-AB82-FBA1DDFEDDCE}.Release|Any CPU.ActiveCfg = Release|Any CPU
		{F77E901C-536A-4803-AB82-FBA1DDFEDDCE}.Release|Any CPU.Build.0 = Release|Any CPU
		{1ED29D7D-F034-4D41-9AAA-148D5CDD1629}.Debug|Any CPU.ActiveCfg = Debug|Any CPU
		{1ED29D7D-F034-4D41-9AAA-148D5CDD1629}.Debug|Any CPU.Build.0 = Debug|Any CPU
		{1ED29D7D-F034-4D41-9AAA-148D5CDD1629}.Release|Any CPU.ActiveCfg = Release|Any CPU
		{1ED29D7D-F034-4D41-9AAA-148D5CDD1629}.Release|Any CPU.Build.0 = Release|Any CPU
		{C082260C-11C4-4D35-900D-3B8502CE016E}.Debug|Any CPU.ActiveCfg = Debug|Any CPU
		{C082260C-11C4-4D35-900D-3B8502CE016E}.Debug|Any CPU.Build.0 = Debug|Any CPU
		{C082260C-11C4-4D35-900D-3B8502CE016E}.Release|Any CPU.ActiveCfg = Release|Any CPU
		{C082260C-11C4-4D35-900D-3B8502CE016E}.Release|Any CPU.Build.0 = Release|Any CPU
		{AD4CD8C2-71BB-4901-A570-65CA8B599E4C}.Debug|Any CPU.ActiveCfg = Debug|Any CPU
		{AD4CD8C2-71BB-4901-A570-65CA8B599E4C}.Debug|Any CPU.Build.0 = Debug|Any CPU
		{AD4CD8C2-71BB-4901-A570-65CA8B599E4C}.Release|Any CPU.ActiveCfg = Release|Any CPU
		{AD4CD8C2-71BB-4901-A570-65CA8B599E4C}.Release|Any CPU.Build.0 = Release|Any CPU
		{77322559-F5D5-431D-BA2C-19E4E60E4E9D}.Debug|Any CPU.ActiveCfg = Debug|Any CPU
		{77322559-F5D5-431D-BA2C-19E4E60E4E9D}.Debug|Any CPU.Build.0 = Debug|Any CPU
		{77322559-F5D5-431D-BA2C-19E4E60E4E9D}.Release|Any CPU.ActiveCfg = Release|Any CPU
		{77322559-F5D5-431D-BA2C-19E4E60E4E9D}.Release|Any CPU.Build.0 = Release|Any CPU
		{EBE58CC5-33D5-449F-B491-C5D53212AF90}.Debug|Any CPU.ActiveCfg = Debug|Any CPU
		{EBE58CC5-33D5-449F-B491-C5D53212AF90}.Debug|Any CPU.Build.0 = Debug|Any CPU
		{EBE58CC5-33D5-449F-B491-C5D53212AF90}.Release|Any CPU.ActiveCfg = Release|Any CPU
		{EBE58CC5-33D5-449F-B491-C5D53212AF90}.Release|Any CPU.Build.0 = Release|Any CPU
		{A8F56734-BDCD-494D-8E4A-DA3238DB536D}.Debug|Any CPU.ActiveCfg = Debug|Any CPU
		{A8F56734-BDCD-494D-8E4A-DA3238DB536D}.Debug|Any CPU.Build.0 = Debug|Any CPU
		{A8F56734-BDCD-494D-8E4A-DA3238DB536D}.Release|Any CPU.ActiveCfg = Release|Any CPU
		{A8F56734-BDCD-494D-8E4A-DA3238DB536D}.Release|Any CPU.Build.0 = Release|Any CPU
		{ED5EB55A-73F0-48F1-8E0A-AAE30FF1CC2D}.Debug|Any CPU.ActiveCfg = Debug|Any CPU
		{ED5EB55A-73F0-48F1-8E0A-AAE30FF1CC2D}.Debug|Any CPU.Build.0 = Debug|Any CPU
		{ED5EB55A-73F0-48F1-8E0A-AAE30FF1CC2D}.Release|Any CPU.ActiveCfg = Release|Any CPU
		{ED5EB55A-73F0-48F1-8E0A-AAE30FF1CC2D}.Release|Any CPU.Build.0 = Release|Any CPU
	EndGlobalSection
	GlobalSection(SolutionProperties) = preSolution
		HideSolutionNode = FALSE
	EndGlobalSection
	GlobalSection(NestedProjects) = preSolution
		{371EFFA8-DA2C-4B86-8F0E-C9F91F83A1C4} = {99A87196-7873-4579-843D-2D90756D96DD}
		{DBF19F85-5D77-4482-9D34-CC17A36D8945} = {99A87196-7873-4579-843D-2D90756D96DD}
		{F77E901C-536A-4803-AB82-FBA1DDFEDDCE} = {99A87196-7873-4579-843D-2D90756D96DD}
		{1ED29D7D-F034-4D41-9AAA-148D5CDD1629} = {99A87196-7873-4579-843D-2D90756D96DD}
		{C082260C-11C4-4D35-900D-3B8502CE016E} = {99A87196-7873-4579-843D-2D90756D96DD}
		{AD4CD8C2-71BB-4901-A570-65CA8B599E4C} = {99A87196-7873-4579-843D-2D90756D96DD}
		{77322559-F5D5-431D-BA2C-19E4E60E4E9D} = {99A87196-7873-4579-843D-2D90756D96DD}
		{A8F56734-BDCD-494D-8E4A-DA3238DB536D} = {99A87196-7873-4579-843D-2D90756D96DD}
		{ED5EB55A-73F0-48F1-8E0A-AAE30FF1CC2D} = {99A87196-7873-4579-843D-2D90756D96DD}
	EndGlobalSection
EndGlobal
