
Microsoft Visual Studio Solution File, Format Version 12.00
# Visual Studio 2013
VisualStudioVersion = 12.0.31101.0
MinimumVisualStudioVersion = 10.0.40219.1
Project("{FAE04EC0-301F-11D3-BF4B-00C04F79EFBC}") = "Flat4Me.Orders", "Flat4Me.Orders\Flat4Me.Orders.csproj", "{51DA331E-3079-4173-8CAD-5CAD16F74B91}"
EndProject
Project("{FAE04EC0-301F-11D3-BF4B-00C04F79EFBC}") = "Flat4Me.Activities", "Flat4Me.Activities\Flat4Me.Activities.csproj", "{1274F9EE-EC3E-48EB-9DF5-D974A5929ECB}"
EndProject
Project("{FAE04EC0-301F-11D3-BF4B-00C04F79EFBC}") = "Flat4Me.OrderService", "Flat4Me.OrderService\Flat4Me.OrderService.csproj", "{09C517DC-E3B2-4055-AEFC-A0FDB4BEDD1F}"
EndProject
Project("{FAE04EC0-301F-11D3-BF4B-00C04F79EFBC}") = "Flat4Me.Core", "Flat4Me.Core\Flat4Me.Core.csproj", "{78598275-2921-49DD-A9D6-886B15C941BE}"
EndProject
Project("{FAE04EC0-301F-11D3-BF4B-00C04F79EFBC}") = "Flat4Me.Data", "Flat4Me.Data\Flat4Me.Data.csproj", "{10B371C8-F94F-49E6-ABF0-2C95A13FBE5E}"
EndProject
Global
	GlobalSection(SolutionConfigurationPlatforms) = preSolution
		Debug|Any CPU = Debug|Any CPU
		Release|Any CPU = Release|Any CPU
	EndGlobalSection
	GlobalSection(ProjectConfigurationPlatforms) = postSolution
		{51DA331E-3079-4173-8CAD-5CAD16F74B91}.Debug|Any CPU.ActiveCfg = Debug|Any CPU
		{51DA331E-3079-4173-8CAD-5CAD16F74B91}.Debug|Any CPU.Build.0 = Debug|Any CPU
		{51DA331E-3079-4173-8CAD-5CAD16F74B91}.Release|Any CPU.ActiveCfg = Release|Any CPU
		{51DA331E-3079-4173-8CAD-5CAD16F74B91}.Release|Any CPU.Build.0 = Release|Any CPU
		{1274F9EE-EC3E-48EB-9DF5-D974A5929ECB}.Debug|Any CPU.ActiveCfg = Debug|Any CPU
		{1274F9EE-EC3E-48EB-9DF5-D974A5929ECB}.Debug|Any CPU.Build.0 = Debug|Any CPU
		{1274F9EE-EC3E-48EB-9DF5-D974A5929ECB}.Release|Any CPU.ActiveCfg = Release|Any CPU
		{1274F9EE-EC3E-48EB-9DF5-D974A5929ECB}.Release|Any CPU.Build.0 = Release|Any CPU
		{09C517DC-E3B2-4055-AEFC-A0FDB4BEDD1F}.Debug|Any CPU.ActiveCfg = Debug|Any CPU
		{09C517DC-E3B2-4055-AEFC-A0FDB4BEDD1F}.Debug|Any CPU.Build.0 = Debug|Any CPU
		{09C517DC-E3B2-4055-AEFC-A0FDB4BEDD1F}.Release|Any CPU.ActiveCfg = Release|Any CPU
		{09C517DC-E3B2-4055-AEFC-A0FDB4BEDD1F}.Release|Any CPU.Build.0 = Release|Any CPU
		{78598275-2921-49DD-A9D6-886B15C941BE}.Debug|Any CPU.ActiveCfg = Debug|Any CPU
		{78598275-2921-49DD-A9D6-886B15C941BE}.Debug|Any CPU.Build.0 = Debug|Any CPU
		{78598275-2921-49DD-A9D6-886B15C941BE}.Release|Any CPU.ActiveCfg = Release|Any CPU
		{78598275-2921-49DD-A9D6-886B15C941BE}.Release|Any CPU.Build.0 = Release|Any CPU
		{10B371C8-F94F-49E6-ABF0-2C95A13FBE5E}.Debug|Any CPU.ActiveCfg = Debug|Any CPU
		{10B371C8-F94F-49E6-ABF0-2C95A13FBE5E}.Debug|Any CPU.Build.0 = Debug|Any CPU
		{10B371C8-F94F-49E6-ABF0-2C95A13FBE5E}.Release|Any CPU.ActiveCfg = Release|Any CPU
		{10B371C8-F94F-49E6-ABF0-2C95A13FBE5E}.Release|Any CPU.Build.0 = Release|Any CPU
	EndGlobalSection
	GlobalSection(SolutionProperties) = preSolution
		HideSolutionNode = FALSE
	EndGlobalSection
EndGlobal
