
Microsoft Visual Studio Solution File, Format Version 12.00
# Visual Studio 2013
VisualStudioVersion = 12.0.30723.0
MinimumVisualStudioVersion = 10.0.40219.1
Project("{00D1A9C2-B5F0-4AF3-8072-F6C62B433612}") = "Flat4Me.Database", "Flat4Me.Database\Flat4Me.Database.sqlproj", "{18A8EB49-1A96-4F90-9D91-9502C6FAFA23}"
EndProject
Project("{2150E333-8FDC-42A3-9474-1A3956D46DE8}") = "PublishScripts", "PublishScripts", "{1A74A118-C93F-427D-8210-AA81F4463D69}"
	ProjectSection(SolutionItems) = preProject
		PublishScripts\AzureWebsitePublishModule.psm1 = PublishScripts\AzureWebsitePublishModule.psm1
		PublishScripts\Publish-WebApplicationWebsite.ps1 = PublishScripts\Publish-WebApplicationWebsite.ps1
	EndProjectSection
EndProject
Project("{2150E333-8FDC-42A3-9474-1A3956D46DE8}") = "Configurations", "Configurations", "{62964F55-BCD0-4649-ABB5-058072684AA5}"
	ProjectSection(SolutionItems) = preProject
		PublishScripts\Configurations\Flat4MeWeb-WAWS-dev.json = PublishScripts\Configurations\Flat4MeWeb-WAWS-dev.json
		PublishScripts\Configurations\Flat4MeWebBoss-WAWS-dev.json = PublishScripts\Configurations\Flat4MeWebBoss-WAWS-dev.json
	EndProjectSection
EndProject
Project("{FAE04EC0-301F-11D3-BF4B-00C04F79EFBC}") = "Flat4Me.Tests", "Flat4Me.Tests\Flat4Me.Tests.csproj", "{A7FF6C9D-E6DF-4E57-AB4C-DB6130F94F36}"
EndProject
Global
	GlobalSection(SolutionConfigurationPlatforms) = preSolution
		Debug|Any CPU = Debug|Any CPU
		Release|Any CPU = Release|Any CPU
	EndGlobalSection
	GlobalSection(ProjectConfigurationPlatforms) = postSolution
		{78598275-2921-49DD-A9D6-886B15C941BE}.Debug|Any CPU.ActiveCfg = Debug|Any CPU
		{78598275-2921-49DD-A9D6-886B15C941BE}.Debug|Any CPU.Build.0 = Debug|Any CPU
		{78598275-2921-49DD-A9D6-886B15C941BE}.Release|Any CPU.ActiveCfg = Release|Any CPU
		{78598275-2921-49DD-A9D6-886B15C941BE}.Release|Any CPU.Build.0 = Release|Any CPU
		{10B371C8-F94F-49E6-ABF0-2C95A13FBE5E}.Debug|Any CPU.ActiveCfg = Debug|Any CPU
		{10B371C8-F94F-49E6-ABF0-2C95A13FBE5E}.Debug|Any CPU.Build.0 = Debug|Any CPU
		{10B371C8-F94F-49E6-ABF0-2C95A13FBE5E}.Release|Any CPU.ActiveCfg = Release|Any CPU
		{10B371C8-F94F-49E6-ABF0-2C95A13FBE5E}.Release|Any CPU.Build.0 = Release|Any CPU
		{18A8EB49-1A96-4F90-9D91-9502C6FAFA23}.Debug|Any CPU.ActiveCfg = Debug|Any CPU
		{18A8EB49-1A96-4F90-9D91-9502C6FAFA23}.Debug|Any CPU.Build.0 = Debug|Any CPU
		{18A8EB49-1A96-4F90-9D91-9502C6FAFA23}.Debug|Any CPU.Deploy.0 = Debug|Any CPU
		{18A8EB49-1A96-4F90-9D91-9502C6FAFA23}.Release|Any CPU.ActiveCfg = Release|Any CPU
		{18A8EB49-1A96-4F90-9D91-9502C6FAFA23}.Release|Any CPU.Build.0 = Release|Any CPU
		{18A8EB49-1A96-4F90-9D91-9502C6FAFA23}.Release|Any CPU.Deploy.0 = Release|Any CPU
		{3BAD367D-73CD-49B9-9C8C-12EDD8246FE5}.Debug|Any CPU.ActiveCfg = Debug|Any CPU
		{3BAD367D-73CD-49B9-9C8C-12EDD8246FE5}.Debug|Any CPU.Build.0 = Debug|Any CPU
		{3BAD367D-73CD-49B9-9C8C-12EDD8246FE5}.Release|Any CPU.ActiveCfg = Release|Any CPU
		{3BAD367D-73CD-49B9-9C8C-12EDD8246FE5}.Release|Any CPU.Build.0 = Release|Any CPU
		{371EFFA8-DA2C-4B86-8F0E-C9F91F83A1C4}.Debug|Any CPU.ActiveCfg = Debug|Any CPU
		{371EFFA8-DA2C-4B86-8F0E-C9F91F83A1C4}.Debug|Any CPU.Build.0 = Debug|Any CPU
		{371EFFA8-DA2C-4B86-8F0E-C9F91F83A1C4}.Release|Any CPU.ActiveCfg = Release|Any CPU
		{371EFFA8-DA2C-4B86-8F0E-C9F91F83A1C4}.Release|Any CPU.Build.0 = Release|Any CPU
		{DBF19F85-5D77-4482-9D34-CC17A36D8945}.Debug|Any CPU.ActiveCfg = Debug|Any CPU
		{DBF19F85-5D77-4482-9D34-CC17A36D8945}.Debug|Any CPU.Build.0 = Debug|Any CPU
		{DBF19F85-5D77-4482-9D34-CC17A36D8945}.Release|Any CPU.ActiveCfg = Release|Any CPU
		{DBF19F85-5D77-4482-9D34-CC17A36D8945}.Release|Any CPU.Build.0 = Release|Any CPU
		{F77E901C-536A-4803-AB82-FBA1DDFEDDCE}.Debug|Any CPU.ActiveCfg = Debug|Any CPU
		{F77E901C-536A-4803-AB82-FBA1DDFEDDCE}.Debug|Any CPU.Build.0 = Debug|Any CPU
		{F77E901C-536A-4803-AB82-FBA1DDFEDDCE}.Release|Any CPU.ActiveCfg = Release|Any CPU
		{F77E901C-536A-4803-AB82-FBA1DDFEDDCE}.Release|Any CPU.Build.0 = Release|Any CPU
		{1ED29D7D-F034-4D41-9AAA-148D5CDD1629}.Debug|Any CPU.ActiveCfg = Debug|Any CPU
		{1ED29D7D-F034-4D41-9AAA-148D5CDD1629}.Debug|Any CPU.Build.0 = Debug|Any CPU
		{1ED29D7D-F034-4D41-9AAA-148D5CDD1629}.Release|Any CPU.ActiveCfg = Release|Any CPU
		{1ED29D7D-F034-4D41-9AAA-148D5CDD1629}.Release|Any CPU.Build.0 = Release|Any CPU
		{C082260C-11C4-4D35-900D-3B8502CE016E}.Debug|Any CPU.ActiveCfg = Debug|Any CPU
		{C082260C-11C4-4D35-900D-3B8502CE016E}.Debug|Any CPU.Build.0 = Debug|Any CPU
		{C082260C-11C4-4D35-900D-3B8502CE016E}.Release|Any CPU.ActiveCfg = Release|Any CPU
		{C082260C-11C4-4D35-900D-3B8502CE016E}.Release|Any CPU.Build.0 = Release|Any CPU
		{A7FF6C9D-E6DF-4E57-AB4C-DB6130F94F36}.Debug|Any CPU.ActiveCfg = Debug|Any CPU
		{A7FF6C9D-E6DF-4E57-AB4C-DB6130F94F36}.Debug|Any CPU.Build.0 = Debug|Any CPU
		{A7FF6C9D-E6DF-4E57-AB4C-DB6130F94F36}.Release|Any CPU.ActiveCfg = Release|Any CPU
		{A7FF6C9D-E6DF-4E57-AB4C-DB6130F94F36}.Release|Any CPU.Build.0 = Release|Any CPU
		{AD4CD8C2-71BB-4901-A570-65CA8B599E4C}.Debug|Any CPU.ActiveCfg = Debug|Any CPU
		{AD4CD8C2-71BB-4901-A570-65CA8B599E4C}.Debug|Any CPU.Build.0 = Debug|Any CPU
		{AD4CD8C2-71BB-4901-A570-65CA8B599E4C}.Release|Any CPU.ActiveCfg = Release|Any CPU
		{AD4CD8C2-71BB-4901-A570-65CA8B599E4C}.Release|Any CPU.Build.0 = Release|Any CPU
		{77322559-F5D5-431D-BA2C-19E4E60E4E9D}.Debug|Any CPU.ActiveCfg = Debug|Any CPU
		{77322559-F5D5-431D-BA2C-19E4E60E4E9D}.Debug|Any CPU.Build.0 = Debug|Any CPU
		{77322559-F5D5-431D-BA2C-19E4E60E4E9D}.Release|Any CPU.ActiveCfg = Release|Any CPU
		{77322559-F5D5-431D-BA2C-19E4E60E4E9D}.Release|Any CPU.Build.0 = Release|Any CPU
		{60C46C0A-5C66-4F47-85A8-251144802879}.Debug|Any CPU.ActiveCfg = Debug|Any CPU
		{60C46C0A-5C66-4F47-85A8-251144802879}.Debug|Any CPU.Build.0 = Debug|Any CPU
		{60C46C0A-5C66-4F47-85A8-251144802879}.Release|Any CPU.ActiveCfg = Release|Any CPU
		{60C46C0A-5C66-4F47-85A8-251144802879}.Release|Any CPU.Build.0 = Release|Any CPU
		{D4530E72-8011-4D4F-866D-31C5E7BDB0C1}.Debug|Any CPU.ActiveCfg = Debug|Any CPU
		{D4530E72-8011-4D4F-866D-31C5E7BDB0C1}.Debug|Any CPU.Build.0 = Debug|Any CPU
		{D4530E72-8011-4D4F-866D-31C5E7BDB0C1}.Release|Any CPU.ActiveCfg = Release|Any CPU
		{D4530E72-8011-4D4F-866D-31C5E7BDB0C1}.Release|Any CPU.Build.0 = Release|Any CPU
		{B0C0AE40-F600-4419-A081-C6C3AE71A782}.Debug|Any CPU.ActiveCfg = Debug|Any CPU
		{B0C0AE40-F600-4419-A081-C6C3AE71A782}.Debug|Any CPU.Build.0 = Debug|Any CPU
		{B0C0AE40-F600-4419-A081-C6C3AE71A782}.Release|Any CPU.ActiveCfg = Release|Any CPU
		{B0C0AE40-F600-4419-A081-C6C3AE71A782}.Release|Any CPU.Build.0 = Release|Any CPU
	EndGlobalSection
	GlobalSection(SolutionProperties) = preSolution
		HideSolutionNode = FALSE
	EndGlobalSection
	GlobalSection(NestedProjects) = preSolution
		{62964F55-BCD0-4649-ABB5-058072684AA5} = {1A74A118-C93F-427D-8210-AA81F4463D69}
		{371EFFA8-DA2C-4B86-8F0E-C9F91F83A1C4} = {99A87196-7873-4579-843D-2D90756D96DD}
		{DBF19F85-5D77-4482-9D34-CC17A36D8945} = {99A87196-7873-4579-843D-2D90756D96DD}
		{F77E901C-536A-4803-AB82-FBA1DDFEDDCE} = {99A87196-7873-4579-843D-2D90756D96DD}
		{1ED29D7D-F034-4D41-9AAA-148D5CDD1629} = {99A87196-7873-4579-843D-2D90756D96DD}
		{C082260C-11C4-4D35-900D-3B8502CE016E} = {99A87196-7873-4579-843D-2D90756D96DD}
		{AD4CD8C2-71BB-4901-A570-65CA8B599E4C} = {99A87196-7873-4579-843D-2D90756D96DD}
		{77322559-F5D5-431D-BA2C-19E4E60E4E9D} = {99A87196-7873-4579-843D-2D90756D96DD}
	EndGlobalSection
EndGlobal
